// !$*UTF8*$!
{
	archiveVersion = 1;
	classes = {
	};
	objectVersion = 50;
	objects = {

/* Begin PBXBuildFile section */
		CB158C23E59C8D14CD41912A /* Pods_InstagramFirebase.framework in Frameworks */ = {isa = PBXBuildFile; fileRef = A28D79547E3A3F8351F85E64 /* Pods_InstagramFirebase.framework */; };
		E40D25662195558800B65DB1 /* CameraController.swift in Sources */ = {isa = PBXBuildFile; fileRef = E40D25652195558800B65DB1 /* CameraController.swift */; };
		E40ED2D02172ABC400D2C978 /* MainTabBarController.swift in Sources */ = {isa = PBXBuildFile; fileRef = E40ED2CF2172ABC400D2C978 /* MainTabBarController.swift */; };
		E40ED2D22172AD9100D2C978 /* UserProfileController.swift in Sources */ = {isa = PBXBuildFile; fileRef = E40ED2D12172AD9100D2C978 /* UserProfileController.swift */; };
		E40ED2D52172FD9D00D2C978 /* UserProfileHeader.swift in Sources */ = {isa = PBXBuildFile; fileRef = E40ED2D42172FD9D00D2C978 /* UserProfileHeader.swift */; };
		E42C2B8421A8C25500271701 /* CommentInputAccessoryView.swift in Sources */ = {isa = PBXBuildFile; fileRef = E42C2B8321A8C25500271701 /* CommentInputAccessoryView.swift */; };
		E42C2B8621A8E1F400271701 /* CommentInputTextView.swift in Sources */ = {isa = PBXBuildFile; fileRef = E42C2B8521A8E1F400271701 /* CommentInputTextView.swift */; };
		E434071521A1E56E00CBA967 /* Comment.swift in Sources */ = {isa = PBXBuildFile; fileRef = E434071421A1E56E00CBA967 /* Comment.swift */; };
		E4362FA4217CF85900DC0CD1 /* LoginController.swift in Sources */ = {isa = PBXBuildFile; fileRef = E4362FA3217CF85900DC0CD1 /* LoginController.swift */; };
		E4706035218FD3B000CE4B68 /* User.swift in Sources */ = {isa = PBXBuildFile; fileRef = E4706034218FD3B000CE4B68 /* User.swift */; };
		E4706037218FE99A00CE4B68 /* FireBaseUtils.swift in Sources */ = {isa = PBXBuildFile; fileRef = E4706036218FE99A00CE4B68 /* FireBaseUtils.swift */; };
		E470603A218FF06A00CE4B68 /* UserSearchController.swift in Sources */ = {isa = PBXBuildFile; fileRef = E4706039218FF06A00CE4B68 /* UserSearchController.swift */; };
		E470603C2190179900CE4B68 /* UserSearchCell.swift in Sources */ = {isa = PBXBuildFile; fileRef = E470603B2190179900CE4B68 /* UserSearchCell.swift */; };
		E48663F12183A3810083373A /* PhotoSelectorController.swift in Sources */ = {isa = PBXBuildFile; fileRef = E48663F02183A3810083373A /* PhotoSelectorController.swift */; };
		E48F404F218A75400031BCCA /* CustomImageView.swift in Sources */ = {isa = PBXBuildFile; fileRef = E48F404E218A75400031BCCA /* CustomImageView.swift */; };
		E4929341216B16160040893E /* Extensions.swift in Sources */ = {isa = PBXBuildFile; fileRef = E4929340216B16160040893E /* Extensions.swift */; };
		E4929343216B2DDD0040893E /* GoogleService-Info.plist in Resources */ = {isa = PBXBuildFile; fileRef = E4929342216B2DDD0040893E /* GoogleService-Info.plist */; };
		E4AD6D5F2184EE3500F14506 /* PhotoSelectorHeader.swift in Sources */ = {isa = PBXBuildFile; fileRef = E4AD6D5E2184EE3500F14506 /* PhotoSelectorHeader.swift */; };
		E4AD6D612185231100F14506 /* SharePhotoController.swift in Sources */ = {isa = PBXBuildFile; fileRef = E4AD6D602185231100F14506 /* SharePhotoController.swift */; };
		E4C1922D218E6B3400ECD3FB /* HomeController.swift in Sources */ = {isa = PBXBuildFile; fileRef = E4C1922C218E6B3400ECD3FB /* HomeController.swift */; };
		E4C1922F218E6DF400ECD3FB /* HomePostCell.swift in Sources */ = {isa = PBXBuildFile; fileRef = E4C1922E218E6DF400ECD3FB /* HomePostCell.swift */; };
		E4C6FFD72188182600A94BD9 /* Post.swift in Sources */ = {isa = PBXBuildFile; fileRef = E4C6FFD62188182600A94BD9 /* Post.swift */; };
		E4C6FFD9218820CC00A94BD9 /* UserProfilePhotoCell.swift in Sources */ = {isa = PBXBuildFile; fileRef = E4C6FFD8218820CC00A94BD9 /* UserProfilePhotoCell.swift */; };
		E4C7CFFE219FAD7F007F7A47 /* PreviewPhotoContainerView.swift in Sources */ = {isa = PBXBuildFile; fileRef = E4C7CFFD219FAD7F007F7A47 /* PreviewPhotoContainerView.swift */; };
		E4C7D000219FD8BA007F7A47 /* CustomAnimationPresentor.swift in Sources */ = {isa = PBXBuildFile; fileRef = E4C7CFFF219FD8BA007F7A47 /* CustomAnimationPresentor.swift */; };
		E4C7D002219FFCD8007F7A47 /* CustomAnimationDismisser.swift in Sources */ = {isa = PBXBuildFile; fileRef = E4C7D001219FFCD8007F7A47 /* CustomAnimationDismisser.swift */; };
		E4CD7A4321A095EE008F6636 /* CommentsController.swift in Sources */ = {isa = PBXBuildFile; fileRef = E4CD7A4221A095EE008F6636 /* CommentsController.swift */; };
		E4E099D7216AB60900EE8735 /* AppDelegate.swift in Sources */ = {isa = PBXBuildFile; fileRef = E4E099D6216AB60900EE8735 /* AppDelegate.swift */; };
		E4E099D9216AB60900EE8735 /* SignUpController.swift in Sources */ = {isa = PBXBuildFile; fileRef = E4E099D8216AB60900EE8735 /* SignUpController.swift */; };
		E4E099DE216AB60E00EE8735 /* Assets.xcassets in Resources */ = {isa = PBXBuildFile; fileRef = E4E099DD216AB60E00EE8735 /* Assets.xcassets */; };
		E4E099E1216AB60E00EE8735 /* LaunchScreen.storyboard in Resources */ = {isa = PBXBuildFile; fileRef = E4E099DF216AB60E00EE8735 /* LaunchScreen.storyboard */; };
		E4E5BBF4218418BD0092184F /* PhotoSelectorCell.swift in Sources */ = {isa = PBXBuildFile; fileRef = E4E5BBF3218418BD0092184F /* PhotoSelectorCell.swift */; };
		E4ED8ACB21A153470018AEDA /* CommentCell.swift in Sources */ = {isa = PBXBuildFile; fileRef = E4ED8ACA21A153470018AEDA /* CommentCell.swift */; };
/* End PBXBuildFile section */

/* Begin PBXFileReference section */
		1E1E8260592799E46855E687 /* Pods-InstagramFirebase.release.xcconfig */ = {isa = PBXFileReference; includeInIndex = 1; lastKnownFileType = text.xcconfig; name = "Pods-InstagramFirebase.release.xcconfig"; path = "Pods/Target Support Files/Pods-InstagramFirebase/Pods-InstagramFirebase.release.xcconfig"; sourceTree = "<group>"; };
		501DBCBE31B28055BAC5A59E /* Pods-InstagramFirebase.debug.xcconfig */ = {isa = PBXFileReference; includeInIndex = 1; lastKnownFileType = text.xcconfig; name = "Pods-InstagramFirebase.debug.xcconfig"; path = "Pods/Target Support Files/Pods-InstagramFirebase/Pods-InstagramFirebase.debug.xcconfig"; sourceTree = "<group>"; };
		A28D79547E3A3F8351F85E64 /* Pods_InstagramFirebase.framework */ = {isa = PBXFileReference; explicitFileType = wrapper.framework; includeInIndex = 0; path = Pods_InstagramFirebase.framework; sourceTree = BUILT_PRODUCTS_DIR; };
		E40D25652195558800B65DB1 /* CameraController.swift */ = {isa = PBXFileReference; lastKnownFileType = sourcecode.swift; path = CameraController.swift; sourceTree = "<group>"; };
		E40ED2CF2172ABC400D2C978 /* MainTabBarController.swift */ = {isa = PBXFileReference; lastKnownFileType = sourcecode.swift; path = MainTabBarController.swift; sourceTree = "<group>"; };
		E40ED2D12172AD9100D2C978 /* UserProfileController.swift */ = {isa = PBXFileReference; lastKnownFileType = sourcecode.swift; path = UserProfileController.swift; sourceTree = "<group>"; };
		E40ED2D42172FD9D00D2C978 /* UserProfileHeader.swift */ = {isa = PBXFileReference; lastKnownFileType = sourcecode.swift; path = UserProfileHeader.swift; sourceTree = "<group>"; };
		E42C2B8321A8C25500271701 /* CommentInputAccessoryView.swift */ = {isa = PBXFileReference; lastKnownFileType = sourcecode.swift; path = CommentInputAccessoryView.swift; sourceTree = "<group>"; };
		E42C2B8521A8E1F400271701 /* CommentInputTextView.swift */ = {isa = PBXFileReference; lastKnownFileType = sourcecode.swift; path = CommentInputTextView.swift; sourceTree = "<group>"; };
		E434071421A1E56E00CBA967 /* Comment.swift */ = {isa = PBXFileReference; lastKnownFileType = sourcecode.swift; path = Comment.swift; sourceTree = "<group>"; };
		E4362FA3217CF85900DC0CD1 /* LoginController.swift */ = {isa = PBXFileReference; lastKnownFileType = sourcecode.swift; path = LoginController.swift; sourceTree = "<group>"; };
		E4706034218FD3B000CE4B68 /* User.swift */ = {isa = PBXFileReference; lastKnownFileType = sourcecode.swift; path = User.swift; sourceTree = "<group>"; };
		E4706036218FE99A00CE4B68 /* FireBaseUtils.swift */ = {isa = PBXFileReference; lastKnownFileType = sourcecode.swift; path = FireBaseUtils.swift; sourceTree = "<group>"; };
		E4706039218FF06A00CE4B68 /* UserSearchController.swift */ = {isa = PBXFileReference; lastKnownFileType = sourcecode.swift; path = UserSearchController.swift; sourceTree = "<group>"; };
		E470603B2190179900CE4B68 /* UserSearchCell.swift */ = {isa = PBXFileReference; lastKnownFileType = sourcecode.swift; path = UserSearchCell.swift; sourceTree = "<group>"; };
		E48663F02183A3810083373A /* PhotoSelectorController.swift */ = {isa = PBXFileReference; lastKnownFileType = sourcecode.swift; path = PhotoSelectorController.swift; sourceTree = "<group>"; };
		E48F404E218A75400031BCCA /* CustomImageView.swift */ = {isa = PBXFileReference; lastKnownFileType = sourcecode.swift; path = CustomImageView.swift; sourceTree = "<group>"; };
		E4929340216B16160040893E /* Extensions.swift */ = {isa = PBXFileReference; lastKnownFileType = sourcecode.swift; path = Extensions.swift; sourceTree = "<group>"; };
		E4929342216B2DDD0040893E /* GoogleService-Info.plist */ = {isa = PBXFileReference; fileEncoding = 4; lastKnownFileType = text.plist.xml; path = "GoogleService-Info.plist"; sourceTree = "<group>"; };
		E4AD6D5E2184EE3500F14506 /* PhotoSelectorHeader.swift */ = {isa = PBXFileReference; lastKnownFileType = sourcecode.swift; path = PhotoSelectorHeader.swift; sourceTree = "<group>"; };
		E4AD6D602185231100F14506 /* SharePhotoController.swift */ = {isa = PBXFileReference; lastKnownFileType = sourcecode.swift; path = SharePhotoController.swift; sourceTree = "<group>"; };
		E4C1922C218E6B3400ECD3FB /* HomeController.swift */ = {isa = PBXFileReference; lastKnownFileType = sourcecode.swift; path = HomeController.swift; sourceTree = "<group>"; };
		E4C1922E218E6DF400ECD3FB /* HomePostCell.swift */ = {isa = PBXFileReference; lastKnownFileType = sourcecode.swift; path = HomePostCell.swift; sourceTree = "<group>"; };
		E4C6FFD62188182600A94BD9 /* Post.swift */ = {isa = PBXFileReference; lastKnownFileType = sourcecode.swift; path = Post.swift; sourceTree = "<group>"; };
		E4C6FFD8218820CC00A94BD9 /* UserProfilePhotoCell.swift */ = {isa = PBXFileReference; lastKnownFileType = sourcecode.swift; path = UserProfilePhotoCell.swift; sourceTree = "<group>"; };
		E4C7CFFD219FAD7F007F7A47 /* PreviewPhotoContainerView.swift */ = {isa = PBXFileReference; lastKnownFileType = sourcecode.swift; path = PreviewPhotoContainerView.swift; sourceTree = "<group>"; };
		E4C7CFFF219FD8BA007F7A47 /* CustomAnimationPresentor.swift */ = {isa = PBXFileReference; lastKnownFileType = sourcecode.swift; path = CustomAnimationPresentor.swift; sourceTree = "<group>"; };
		E4C7D001219FFCD8007F7A47 /* CustomAnimationDismisser.swift */ = {isa = PBXFileReference; lastKnownFileType = sourcecode.swift; path = CustomAnimationDismisser.swift; sourceTree = "<group>"; };
		E4CD7A4221A095EE008F6636 /* CommentsController.swift */ = {isa = PBXFileReference; lastKnownFileType = sourcecode.swift; path = CommentsController.swift; sourceTree = "<group>"; };
		E4D45C9921A73878000433AA /* InstagramFirebase.entitlements */ = {isa = PBXFileReference; lastKnownFileType = text.plist.entitlements; path = InstagramFirebase.entitlements; sourceTree = "<group>"; };
		E4E099D3216AB60900EE8735 /* InstagramFirebase.app */ = {isa = PBXFileReference; explicitFileType = wrapper.application; includeInIndex = 0; path = InstagramFirebase.app; sourceTree = BUILT_PRODUCTS_DIR; };
		E4E099D6216AB60900EE8735 /* AppDelegate.swift */ = {isa = PBXFileReference; lastKnownFileType = sourcecode.swift; path = AppDelegate.swift; sourceTree = "<group>"; };
		E4E099D8216AB60900EE8735 /* SignUpController.swift */ = {isa = PBXFileReference; lastKnownFileType = sourcecode.swift; path = SignUpController.swift; sourceTree = "<group>"; };
		E4E099DD216AB60E00EE8735 /* Assets.xcassets */ = {isa = PBXFileReference; lastKnownFileType = folder.assetcatalog; path = Assets.xcassets; sourceTree = "<group>"; };
		E4E099E0216AB60E00EE8735 /* Base */ = {isa = PBXFileReference; lastKnownFileType = file.storyboard; name = Base; path = Base.lproj/LaunchScreen.storyboard; sourceTree = "<group>"; };
		E4E099E2216AB60E00EE8735 /* Info.plist */ = {isa = PBXFileReference; lastKnownFileType = text.plist.xml; path = Info.plist; sourceTree = "<group>"; };
		E4E5BBF3218418BD0092184F /* PhotoSelectorCell.swift */ = {isa = PBXFileReference; lastKnownFileType = sourcecode.swift; path = PhotoSelectorCell.swift; sourceTree = "<group>"; };
		E4ED8ACA21A153470018AEDA /* CommentCell.swift */ = {isa = PBXFileReference; lastKnownFileType = sourcecode.swift; path = CommentCell.swift; sourceTree = "<group>"; };
/* End PBXFileReference section */

/* Begin PBXFrameworksBuildPhase section */
		E4E099D0216AB60900EE8735 /* Frameworks */ = {
			isa = PBXFrameworksBuildPhase;
			buildActionMask = 2147483647;
			files = (
				CB158C23E59C8D14CD41912A /* Pods_InstagramFirebase.framework in Frameworks */,
			);
			runOnlyForDeploymentPostprocessing = 0;
		};
/* End PBXFrameworksBuildPhase section */

/* Begin PBXGroup section */
		09AE0C7358630AB610B3ABB7 /* Pods */ = {
			isa = PBXGroup;
			children = (
				501DBCBE31B28055BAC5A59E /* Pods-InstagramFirebase.debug.xcconfig */,
				1E1E8260592799E46855E687 /* Pods-InstagramFirebase.release.xcconfig */,
			);
			name = Pods;
			sourceTree = "<group>";
		};
		AE2860BCEA26FFA8DC9B3516 /* Frameworks */ = {
			isa = PBXGroup;
			children = (
				A28D79547E3A3F8351F85E64 /* Pods_InstagramFirebase.framework */,
			);
			name = Frameworks;
			sourceTree = "<group>";
		};
		E40D25642195556800B65DB1 /* Camera */ = {
			isa = PBXGroup;
			children = (
				E40D25652195558800B65DB1 /* CameraController.swift */,
				E4C7CFFD219FAD7F007F7A47 /* PreviewPhotoContainerView.swift */,
				E4C7CFFF219FD8BA007F7A47 /* CustomAnimationPresentor.swift */,
				E4C7D001219FFCD8007F7A47 /* CustomAnimationDismisser.swift */,
			);
			path = Camera;
			sourceTree = "<group>";
		};
		E40ED2D32172FD4300D2C978 /* UserProfile */ = {
			isa = PBXGroup;
			children = (
				E40ED2D12172AD9100D2C978 /* UserProfileController.swift */,
				E40ED2D42172FD9D00D2C978 /* UserProfileHeader.swift */,
				E4C6FFD8218820CC00A94BD9 /* UserProfilePhotoCell.swift */,
			);
			path = UserProfile;
			sourceTree = "<group>";
		};
		E4362FA2217CF80000DC0CD1 /* Login */ = {
			isa = PBXGroup;
			children = (
				E4362FA3217CF85900DC0CD1 /* LoginController.swift */,
				E4E099D8216AB60900EE8735 /* SignUpController.swift */,
			);
			path = Login;
			sourceTree = "<group>";
		};
		E43E664321839EED00818988 /* AddPhoto */ = {
			isa = PBXGroup;
			children = (
				E48663F02183A3810083373A /* PhotoSelectorController.swift */,
				E4E5BBF3218418BD0092184F /* PhotoSelectorCell.swift */,
				E4AD6D5E2184EE3500F14506 /* PhotoSelectorHeader.swift */,
				E4AD6D602185231100F14506 /* SharePhotoController.swift */,
			);
			path = AddPhoto;
			sourceTree = "<group>";
		};
		E4706038218FF04800CE4B68 /* Search */ = {
			isa = PBXGroup;
			children = (
				E4706039218FF06A00CE4B68 /* UserSearchController.swift */,
				E470603B2190179900CE4B68 /* UserSearchCell.swift */,
			);
			path = Search;
			sourceTree = "<group>";
		};
		E492933D216B15AF0040893E /* Utils */ = {
			isa = PBXGroup;
			children = (
				E4929340216B16160040893E /* Extensions.swift */,
				E48F404E218A75400031BCCA /* CustomImageView.swift */,
				E4706036218FE99A00CE4B68 /* FireBaseUtils.swift */,
			);
			path = Utils;
			sourceTree = "<group>";
		};
		E4C1922B218E6B1C00ECD3FB /* Home */ = {
			isa = PBXGroup;
			children = (
				E4C1922C218E6B3400ECD3FB /* HomeController.swift */,
				E4C1922E218E6DF400ECD3FB /* HomePostCell.swift */,
				E4CD7A4221A095EE008F6636 /* CommentsController.swift */,
				E4ED8ACA21A153470018AEDA /* CommentCell.swift */,
				E42C2B8321A8C25500271701 /* CommentInputAccessoryView.swift */,
				E42C2B8521A8E1F400271701 /* CommentInputTextView.swift */,
			);
			path = Home;
			sourceTree = "<group>";
		};
		E4C6FFD52188180100A94BD9 /* Models */ = {
			isa = PBXGroup;
			children = (
				E4C6FFD62188182600A94BD9 /* Post.swift */,
				E4706034218FD3B000CE4B68 /* User.swift */,
				E434071421A1E56E00CBA967 /* Comment.swift */,
			);
			path = Models;
			sourceTree = "<group>";
		};
		E4E099CA216AB60900EE8735 = {
			isa = PBXGroup;
			children = (
				E4E099D5216AB60900EE8735 /* InstagramFirebase */,
				E4E099D4216AB60900EE8735 /* Products */,
				09AE0C7358630AB610B3ABB7 /* Pods */,
				AE2860BCEA26FFA8DC9B3516 /* Frameworks */,
			);
			sourceTree = "<group>";
		};
		E4E099D4216AB60900EE8735 /* Products */ = {
			isa = PBXGroup;
			children = (
				E4E099D3216AB60900EE8735 /* InstagramFirebase.app */,
			);
			name = Products;
			sourceTree = "<group>";
		};
		E4E099D5216AB60900EE8735 /* InstagramFirebase */ = {
			isa = PBXGroup;
			children = (
				E4D45C9921A73878000433AA /* InstagramFirebase.entitlements */,
				E40D25642195556800B65DB1 /* Camera */,
				E4706038218FF04800CE4B68 /* Search */,
				E4C1922B218E6B1C00ECD3FB /* Home */,
				E4C6FFD52188180100A94BD9 /* Models */,
				E43E664321839EED00818988 /* AddPhoto */,
				E4362FA2217CF80000DC0CD1 /* Login */,
				E40ED2D32172FD4300D2C978 /* UserProfile */,
				E492933D216B15AF0040893E /* Utils */,
				E4E099D6216AB60900EE8735 /* AppDelegate.swift */,
				E40ED2CF2172ABC400D2C978 /* MainTabBarController.swift */,
				E4E099DD216AB60E00EE8735 /* Assets.xcassets */,
				E4E099DF216AB60E00EE8735 /* LaunchScreen.storyboard */,
				E4E099E2216AB60E00EE8735 /* Info.plist */,
				E4929342216B2DDD0040893E /* GoogleService-Info.plist */,
			);
			path = InstagramFirebase;
			sourceTree = "<group>";
		};
/* End PBXGroup section */

/* Begin PBXNativeTarget section */
		E4E099D2216AB60900EE8735 /* InstagramFirebase */ = {
			isa = PBXNativeTarget;
			buildConfigurationList = E4E099E5216AB60E00EE8735 /* Build configuration list for PBXNativeTarget "InstagramFirebase" */;
			buildPhases = (
				97845502F938066592C0D158 /* [CP] Check Pods Manifest.lock */,
				E4E099CF216AB60900EE8735 /* Sources */,
				E4E099D0216AB60900EE8735 /* Frameworks */,
				E4E099D1216AB60900EE8735 /* Resources */,
				DD66F5B3893DE676B0AA7820 /* [CP] Embed Pods Frameworks */,
			);
			buildRules = (
			);
			dependencies = (
			);
			name = InstagramFirebase;
			productName = InstagramFirebase;
			productReference = E4E099D3216AB60900EE8735 /* InstagramFirebase.app */;
			productType = "com.apple.product-type.application";
		};
/* End PBXNativeTarget section */

/* Begin PBXProject section */
		E4E099CB216AB60900EE8735 /* Project object */ = {
			isa = PBXProject;
			attributes = {
				LastSwiftUpdateCheck = 1000;
				LastUpgradeCheck = 1000;
				ORGANIZATIONNAME = "wenlong qiu";
				TargetAttributes = {
					E4E099D2216AB60900EE8735 = {
						CreatedOnToolsVersion = 10.0;
						SystemCapabilities = {
							com.apple.Push = {
								enabled = 1;
							};
						};
					};
				};
			};
			buildConfigurationList = E4E099CE216AB60900EE8735 /* Build configuration list for PBXProject "InstagramFirebase" */;
			compatibilityVersion = "Xcode 9.3";
			developmentRegion = en;
			hasScannedForEncodings = 0;
			knownRegions = (
				en,
				Base,
			);
			mainGroup = E4E099CA216AB60900EE8735;
			productRefGroup = E4E099D4216AB60900EE8735 /* Products */;
			projectDirPath = "";
			projectRoot = "";
			targets = (
				E4E099D2216AB60900EE8735 /* InstagramFirebase */,
			);
		};
/* End PBXProject section */

/* Begin PBXResourcesBuildPhase section */
		E4E099D1216AB60900EE8735 /* Resources */ = {
			isa = PBXResourcesBuildPhase;
			buildActionMask = 2147483647;
			files = (
				E4E099E1216AB60E00EE8735 /* LaunchScreen.storyboard in Resources */,
				E4E099DE216AB60E00EE8735 /* Assets.xcassets in Resources */,
				E4929343216B2DDD0040893E /* GoogleService-Info.plist in Resources */,
			);
			runOnlyForDeploymentPostprocessing = 0;
		};
/* End PBXResourcesBuildPhase section */

/* Begin PBXShellScriptBuildPhase section */
		97845502F938066592C0D158 /* [CP] Check Pods Manifest.lock */ = {
			isa = PBXShellScriptBuildPhase;
			buildActionMask = 2147483647;
			files = (
			);
			inputPaths = (
				"${PODS_PODFILE_DIR_PATH}/Podfile.lock",
				"${PODS_ROOT}/Manifest.lock",
			);
			name = "[CP] Check Pods Manifest.lock";
			outputPaths = (
				"$(DERIVED_FILE_DIR)/Pods-InstagramFirebase-checkManifestLockResult.txt",
			);
			runOnlyForDeploymentPostprocessing = 0;
			shellPath = /bin/sh;
			shellScript = "diff \"${PODS_PODFILE_DIR_PATH}/Podfile.lock\" \"${PODS_ROOT}/Manifest.lock\" > /dev/null\nif [ $? != 0 ] ; then\n    # print error to STDERR\n    echo \"error: The sandbox is not in sync with the Podfile.lock. Run 'pod install' or update your CocoaPods installation.\" >&2\n    exit 1\nfi\n# This output is used by Xcode 'outputs' to avoid re-running this script phase.\necho \"SUCCESS\" > \"${SCRIPT_OUTPUT_FILE_0}\"\n";
			showEnvVarsInLog = 0;
		};
		DD66F5B3893DE676B0AA7820 /* [CP] Embed Pods Frameworks */ = {
			isa = PBXShellScriptBuildPhase;
			buildActionMask = 2147483647;
			files = (
			);
			inputPaths = (
				"${SRCROOT}/Pods/Target Support Files/Pods-InstagramFirebase/Pods-InstagramFirebase-frameworks.sh",
				"${BUILT_PRODUCTS_DIR}/GTMSessionFetcher/GTMSessionFetcher.framework",
				"${BUILT_PRODUCTS_DIR}/GoogleUtilities/GoogleUtilities.framework",
				"${BUILT_PRODUCTS_DIR}/Protobuf/Protobuf.framework",
				"${BUILT_PRODUCTS_DIR}/leveldb-library/leveldb.framework",
				"${BUILT_PRODUCTS_DIR}/nanopb/nanopb.framework",
			);
			name = "[CP] Embed Pods Frameworks";
			outputPaths = (
				"${TARGET_BUILD_DIR}/${FRAMEWORKS_FOLDER_PATH}/GTMSessionFetcher.framework",
				"${TARGET_BUILD_DIR}/${FRAMEWORKS_FOLDER_PATH}/GoogleUtilities.framework",
				"${TARGET_BUILD_DIR}/${FRAMEWORKS_FOLDER_PATH}/Protobuf.framework",
				"${TARGET_BUILD_DIR}/${FRAMEWORKS_FOLDER_PATH}/leveldb.framework",
				"${TARGET_BUILD_DIR}/${FRAMEWORKS_FOLDER_PATH}/nanopb.framework",
			);
			runOnlyForDeploymentPostprocessing = 0;
			shellPath = /bin/sh;
			shellScript = "\"${SRCROOT}/Pods/Target Support Files/Pods-InstagramFirebase/Pods-InstagramFirebase-frameworks.sh\"\n";
			showEnvVarsInLog = 0;
		};
/* End PBXShellScriptBuildPhase section */

/* Begin PBXSourcesBuildPhase section */
		E4E099CF216AB60900EE8735 /* Sources */ = {
			isa = PBXSourcesBuildPhase;
			buildActionMask = 2147483647;
			files = (
				E470603C2190179900CE4B68 /* UserSearchCell.swift in Sources */,
				E4AD6D612185231100F14506 /* SharePhotoController.swift in Sources */,
				E4E099D9216AB60900EE8735 /* SignUpController.swift in Sources */,
				E4E5BBF4218418BD0092184F /* PhotoSelectorCell.swift in Sources */,
				E48F404F218A75400031BCCA /* CustomImageView.swift in Sources */,
				E4706037218FE99A00CE4B68 /* FireBaseUtils.swift in Sources */,
				E4C6FFD72188182600A94BD9 /* Post.swift in Sources */,
				E470603A218FF06A00CE4B68 /* UserSearchController.swift in Sources */,
				E4929341216B16160040893E /* Extensions.swift in Sources */,
				E4C7D000219FD8BA007F7A47 /* CustomAnimationPresentor.swift in Sources */,
				E40D25662195558800B65DB1 /* CameraController.swift in Sources */,
				E4C6FFD9218820CC00A94BD9 /* UserProfilePhotoCell.swift in Sources */,
				E4706035218FD3B000CE4B68 /* User.swift in Sources */,
				E4ED8ACB21A153470018AEDA /* CommentCell.swift in Sources */,
				E40ED2D02172ABC400D2C978 /* MainTabBarController.swift in Sources */,
				E40ED2D52172FD9D00D2C978 /* UserProfileHeader.swift in Sources */,
				E42C2B8621A8E1F400271701 /* CommentInputTextView.swift in Sources */,
				E4C7D002219FFCD8007F7A47 /* CustomAnimationDismisser.swift in Sources */,
				E40ED2D22172AD9100D2C978 /* UserProfileController.swift in Sources */,
				E4E099D7216AB60900EE8735 /* AppDelegate.swift in Sources */,
				E4C7CFFE219FAD7F007F7A47 /* PreviewPhotoContainerView.swift in Sources */,
				E42C2B8421A8C25500271701 /* CommentInputAccessoryView.swift in Sources */,
				E4362FA4217CF85900DC0CD1 /* LoginController.swift in Sources */,
				E4C1922F218E6DF400ECD3FB /* HomePostCell.swift in Sources */,
				E4AD6D5F2184EE3500F14506 /* PhotoSelectorHeader.swift in Sources */,
				E4CD7A4321A095EE008F6636 /* CommentsController.swift in Sources */,
				E48663F12183A3810083373A /* PhotoSelectorController.swift in Sources */,
				E434071521A1E56E00CBA967 /* Comment.swift in Sources */,
				E4C1922D218E6B3400ECD3FB /* HomeController.swift in Sources */,
			);
			runOnlyForDeploymentPostprocessing = 0;
		};
/* End PBXSourcesBuildPhase section */

/* Begin PBXVariantGroup section */
		E4E099DF216AB60E00EE8735 /* LaunchScreen.storyboard */ = {
			isa = PBXVariantGroup;
			children = (
				E4E099E0216AB60E00EE8735 /* Base */,
			);
			name = LaunchScreen.storyboard;
			sourceTree = "<group>";
		};
/* End PBXVariantGroup section */

/* Begin XCBuildConfiguration section */
		E4E099E3216AB60E00EE8735 /* Debug */ = {
			isa = XCBuildConfiguration;
			buildSettings = {
				ALWAYS_SEARCH_USER_PATHS = NO;
				CLANG_ANALYZER_NONNULL = YES;
				CLANG_ANALYZER_NUMBER_OBJECT_CONVERSION = YES_AGGRESSIVE;
				CLANG_CXX_LANGUAGE_STANDARD = "gnu++14";
				CLANG_CXX_LIBRARY = "libc++";
				CLANG_ENABLE_MODULES = YES;
				CLANG_ENABLE_OBJC_ARC = YES;
				CLANG_ENABLE_OBJC_WEAK = YES;
				CLANG_WARN_BLOCK_CAPTURE_AUTORELEASING = YES;
				CLANG_WARN_BOOL_CONVERSION = YES;
				CLANG_WARN_COMMA = YES;
				CLANG_WARN_CONSTANT_CONVERSION = YES;
				CLANG_WARN_DEPRECATED_OBJC_IMPLEMENTATIONS = YES;
				CLANG_WARN_DIRECT_OBJC_ISA_USAGE = YES_ERROR;
				CLANG_WARN_DOCUMENTATION_COMMENTS = YES;
				CLANG_WARN_EMPTY_BODY = YES;
				CLANG_WARN_ENUM_CONVERSION = YES;
				CLANG_WARN_INFINITE_RECURSION = YES;
				CLANG_WARN_INT_CONVERSION = YES;
				CLANG_WARN_NON_LITERAL_NULL_CONVERSION = YES;
				CLANG_WARN_OBJC_IMPLICIT_RETAIN_SELF = YES;
				CLANG_WARN_OBJC_LITERAL_CONVERSION = YES;
				CLANG_WARN_OBJC_ROOT_CLASS = YES_ERROR;
				CLANG_WARN_RANGE_LOOP_ANALYSIS = YES;
				CLANG_WARN_STRICT_PROTOTYPES = YES;
				CLANG_WARN_SUSPICIOUS_MOVE = YES;
				CLANG_WARN_UNGUARDED_AVAILABILITY = YES_AGGRESSIVE;
				CLANG_WARN_UNREACHABLE_CODE = YES;
				CLANG_WARN__DUPLICATE_METHOD_MATCH = YES;
				CODE_SIGN_IDENTITY = "iPhone Developer";
				COPY_PHASE_STRIP = NO;
				DEBUG_INFORMATION_FORMAT = dwarf;
				ENABLE_STRICT_OBJC_MSGSEND = YES;
				ENABLE_TESTABILITY = YES;
				GCC_C_LANGUAGE_STANDARD = gnu11;
				GCC_DYNAMIC_NO_PIC = NO;
				GCC_NO_COMMON_BLOCKS = YES;
				GCC_OPTIMIZATION_LEVEL = 0;
				GCC_PREPROCESSOR_DEFINITIONS = (
					"DEBUG=1",
					"$(inherited)",
				);
				GCC_WARN_64_TO_32_BIT_CONVERSION = YES;
				GCC_WARN_ABOUT_RETURN_TYPE = YES_ERROR;
				GCC_WARN_UNDECLARED_SELECTOR = YES;
				GCC_WARN_UNINITIALIZED_AUTOS = YES_AGGRESSIVE;
				GCC_WARN_UNUSED_FUNCTION = YES;
				GCC_WARN_UNUSED_VARIABLE = YES;
				IPHONEOS_DEPLOYMENT_TARGET = 12.0;
				MTL_ENABLE_DEBUG_INFO = INCLUDE_SOURCE;
				MTL_FAST_MATH = YES;
				ONLY_ACTIVE_ARCH = YES;
				SDKROOT = iphoneos;
				SWIFT_ACTIVE_COMPILATION_CONDITIONS = DEBUG;
				SWIFT_OPTIMIZATION_LEVEL = "-Onone";
			};
			name = Debug;
		};
		E4E099E4216AB60E00EE8735 /* Release */ = {
			isa = XCBuildConfiguration;
			buildSettings = {
				ALWAYS_SEARCH_USER_PATHS = NO;
				CLANG_ANALYZER_NONNULL = YES;
				CLANG_ANALYZER_NUMBER_OBJECT_CONVERSION = YES_AGGRESSIVE;
				CLANG_CXX_LANGUAGE_STANDARD = "gnu++14";
				CLANG_CXX_LIBRARY = "libc++";
				CLANG_ENABLE_MODULES = YES;
				CLANG_ENABLE_OBJC_ARC = YES;
				CLANG_ENABLE_OBJC_WEAK = YES;
				CLANG_WARN_BLOCK_CAPTURE_AUTORELEASING = YES;
				CLANG_WARN_BOOL_CONVERSION = YES;
				CLANG_WARN_COMMA = YES;
				CLANG_WARN_CONSTANT_CONVERSION = YES;
				CLANG_WARN_DEPRECATED_OBJC_IMPLEMENTATIONS = YES;
				CLANG_WARN_DIRECT_OBJC_ISA_USAGE = YES_ERROR;
				CLANG_WARN_DOCUMENTATION_COMMENTS = YES;
				CLANG_WARN_EMPTY_BODY = YES;
				CLANG_WARN_ENUM_CONVERSION = YES;
				CLANG_WARN_INFINITE_RECURSION = YES;
				CLANG_WARN_INT_CONVERSION = YES;
				CLANG_WARN_NON_LITERAL_NULL_CONVERSION = YES;
				CLANG_WARN_OBJC_IMPLICIT_RETAIN_SELF = YES;
				CLANG_WARN_OBJC_LITERAL_CONVERSION = YES;
				CLANG_WARN_OBJC_ROOT_CLASS = YES_ERROR;
				CLANG_WARN_RANGE_LOOP_ANALYSIS = YES;
				CLANG_WARN_STRICT_PROTOTYPES = YES;
				CLANG_WARN_SUSPICIOUS_MOVE = YES;
				CLANG_WARN_UNGUARDED_AVAILABILITY = YES_AGGRESSIVE;
				CLANG_WARN_UNREACHABLE_CODE = YES;
				CLANG_WARN__DUPLICATE_METHOD_MATCH = YES;
				CODE_SIGN_IDENTITY = "iPhone Developer";
				COPY_PHASE_STRIP = NO;
				DEBUG_INFORMATION_FORMAT = "dwarf-with-dsym";
				ENABLE_NS_ASSERTIONS = NO;
				ENABLE_STRICT_OBJC_MSGSEND = YES;
				GCC_C_LANGUAGE_STANDARD = gnu11;
				GCC_NO_COMMON_BLOCKS = YES;
				GCC_WARN_64_TO_32_BIT_CONVERSION = YES;
				GCC_WARN_ABOUT_RETURN_TYPE = YES_ERROR;
				GCC_WARN_UNDECLARED_SELECTOR = YES;
				GCC_WARN_UNINITIALIZED_AUTOS = YES_AGGRESSIVE;
				GCC_WARN_UNUSED_FUNCTION = YES;
				GCC_WARN_UNUSED_VARIABLE = YES;
				IPHONEOS_DEPLOYMENT_TARGET = 12.0;
				MTL_ENABLE_DEBUG_INFO = NO;
				MTL_FAST_MATH = YES;
				SDKROOT = iphoneos;
				SWIFT_COMPILATION_MODE = wholemodule;
				SWIFT_OPTIMIZATION_LEVEL = "-O";
				VALIDATE_PRODUCT = YES;
			};
			name = Release;
		};
		E4E099E6216AB60E00EE8735 /* Debug */ = {
			isa = XCBuildConfiguration;
			baseConfigurationReference = 501DBCBE31B28055BAC5A59E /* Pods-InstagramFirebase.debug.xcconfig */;
			buildSettings = {
				ASSETCATALOG_COMPILER_APPICON_NAME = AppIcon;
				CODE_SIGN_ENTITLEMENTS = InstagramFirebase/InstagramFirebase.entitlements;
				CODE_SIGN_STYLE = Automatic;
				DEVELOPMENT_TEAM = 783VTM2647;
				INFOPLIST_FILE = InstagramFirebase/Info.plist;
				LD_RUNPATH_SEARCH_PATHS = (
					"$(inherited)",
					"@executable_path/Frameworks",
				);
				PRODUCT_BUNDLE_IDENTIFIER = com.damonqiu26.InstagramFirebase;
				PRODUCT_NAME = "$(TARGET_NAME)";
				SWIFT_VERSION = 4.2;
				TARGETED_DEVICE_FAMILY = "1,2";
			};
			name = Debug;
		};
		E4E099E7216AB60E00EE8735 /* Release */ = {
			isa = XCBuildConfiguration;
			baseConfigurationReference = 1E1E8260592799E46855E687 /* Pods-InstagramFirebase.release.xcconfig */;
			buildSettings = {
				ASSETCATALOG_COMPILER_APPICON_NAME = AppIcon;
				CODE_SIGN_ENTITLEMENTS = InstagramFirebase/InstagramFirebase.entitlements;
				CODE_SIGN_STYLE = Automatic;
				DEVELOPMENT_TEAM = 783VTM2647;
				INFOPLIST_FILE = InstagramFirebase/Info.plist;
				LD_RUNPATH_SEARCH_PATHS = (
					"$(inherited)",
					"@executable_path/Frameworks",
				);
				PRODUCT_BUNDLE_IDENTIFIER = com.damonqiu26.InstagramFirebase;
				PRODUCT_NAME = "$(TARGET_NAME)";
				SWIFT_VERSION = 4.2;
				TARGETED_DEVICE_FAMILY = "1,2";
			};
			name = Release;
		};
/* End XCBuildConfiguration section */

/* Begin XCConfigurationList section */
		E4E099CE216AB60900EE8735 /* Build configuration list for PBXProject "InstagramFirebase" */ = {
			isa = XCConfigurationList;
			buildConfigurations = (
				E4E099E3216AB60E00EE8735 /* Debug */,
				E4E099E4216AB60E00EE8735 /* Release */,
			);
			defaultConfigurationIsVisible = 0;
			defaultConfigurationName = Release;
		};
		E4E099E5216AB60E00EE8735 /* Build configuration list for PBXNativeTarget "InstagramFirebase" */ = {
			isa = XCConfigurationList;
			buildConfigurations = (
				E4E099E6216AB60E00EE8735 /* Debug */,
				E4E099E7216AB60E00EE8735 /* Release */,
			);
			defaultConfigurationIsVisible = 0;
			defaultConfigurationName = Release;
		};
/* End XCConfigurationList section */
	};
	rootObject = E4E099CB216AB60900EE8735 /* Project object */;
}
